
Microsoft Visual Studio Solution File, Format Version 12.00
# Visual Studio 15
VisualStudioVersion = 15.0.28010.2003
MinimumVisualStudioVersion = 10.0.40219.1
Project("{9A19103F-16F7-4668-BE54-9A1E7A4F7556}") = "SignalRChat", "SignalRChat.csproj", "{091E5FA5-E6D5-451A-905F-0549BE599C13}"
EndProject
Global
	GlobalSection(SolutionConfigurationPlatforms) = preSolution
		Debug|Any CPU = Debug|Any CPU
		Release|Any CPU = Release|Any CPU
	EndGlobalSection
	GlobalSection(ProjectConfigurationPlatforms) = postSolution
		{091E5FA5-E6D5-451A-905F-0549BE599C13}.Debug|Any CPU.ActiveCfg = Debug|Any CPU
		{091E5FA5-E6D5-451A-905F-0549BE599C13}.Debug|Any CPU.Build.0 = Debug|Any CPU
		{091E5FA5-E6D5-451A-905F-0549BE599C13}.Release|Any CPU.ActiveCfg = Release|Any CPU
		{091E5FA5-E6D5-451A-905F-0549BE599C13}.Release|Any CPU.Build.0 = Release|Any CPU
	EndGlobalSection
	GlobalSection(SolutionProperties) = preSolution
		HideSolutionNode = FALSE
	EndGlobalSection
	GlobalSection(ExtensibilityGlobals) = postSolution
		SolutionGuid = {82214EAA-637A-435B-97A8-D8BFB4FD5648}
	EndGlobalSection
EndGlobal
